
Microsoft Visual Studio Solution File, Format Version 12.00
# Visual Studio Version 17
VisualStudioVersion = 17.6.33801.468
MinimumVisualStudioVersion = 10.0.40219.1
Project("{FAE04EC0-301F-11D3-BF4B-00C04F79EFBC}") = "BankApp", "BankApp\BankApp.csproj", "{BB9F9BD5-1B0B-4AD2-8B8C-B1129B7BBA32}"
EndProject
Project("{FAE04EC0-301F-11D3-BF4B-00C04F79EFBC}") = "BankLibrary", "BankLibrary\BankLibrary.csproj", "{B62470EF-AC17-469C-86CB-FABA1C3AFF5C}"
EndProject
Project("{FAE04EC0-301F-11D3-BF4B-00C04F79EFBC}") = "TestProject1", "TestProject1\TestProject1.csproj", "{9EC46698-3821-490E-AA3D-5C45B5831831}"
EndProject
Global
	GlobalSection(SolutionConfigurationPlatforms) = preSolution
		Debug|Any CPU = Debug|Any CPU
		Release|Any CPU = Release|Any CPU
	EndGlobalSection
	GlobalSection(ProjectConfigurationPlatforms) = postSolution
		{BB9F9BD5-1B0B-4AD2-8B8C-B1129B7BBA32}.Debug|Any CPU.ActiveCfg = Debug|Any CPU
		{BB9F9BD5-1B0B-4AD2-8B8C-B1129B7BBA32}.Debug|Any CPU.Build.0 = Debug|Any CPU
		{BB9F9BD5-1B0B-4AD2-8B8C-B1129B7BBA32}.Release|Any CPU.ActiveCfg = Release|Any CPU
		{BB9F9BD5-1B0B-4AD2-8B8C-B1129B7BBA32}.Release|Any CPU.Build.0 = Release|Any CPU
		{B62470EF-AC17-469C-86CB-FABA1C3AFF5C}.Debug|Any CPU.ActiveCfg = Debug|Any CPU
		{B62470EF-AC17-469C-86CB-FABA1C3AFF5C}.Debug|Any CPU.Build.0 = Debug|Any CPU
		{B62470EF-AC17-469C-86CB-FABA1C3AFF5C}.Release|Any CPU.ActiveCfg = Release|Any CPU
		{B62470EF-AC17-469C-86CB-FABA1C3AFF5C}.Release|Any CPU.Build.0 = Release|Any CPU
		{9EC46698-3821-490E-AA3D-5C45B5831831}.Debug|Any CPU.ActiveCfg = Debug|Any CPU
		{9EC46698-3821-490E-AA3D-5C45B5831831}.Debug|Any CPU.Build.0 = Debug|Any CPU
		{9EC46698-3821-490E-AA3D-5C45B5831831}.Release|Any CPU.ActiveCfg = Release|Any CPU
		{9EC46698-3821-490E-AA3D-5C45B5831831}.Release|Any CPU.Build.0 = Release|Any CPU
	EndGlobalSection
	GlobalSection(SolutionProperties) = preSolution
		HideSolutionNode = FALSE
	EndGlobalSection
	GlobalSection(ExtensibilityGlobals) = postSolution
		SolutionGuid = {8637E596-A4AF-454F-84AC-BA0E7F2A519F}
	EndGlobalSection
EndGlobal
